
Microsoft Visual Studio Solution File, Format Version 12.00
# Visual Studio 14
VisualStudioVersion = 14.0.25420.1
MinimumVisualStudioVersion = 10.0.40219.1
Project("{8BC9CEB8-8B4A-11D0-8D11-00A0C91BC942}") = "Poker_Win32", "Poker_Win32\Poker_Win32.vcxproj", "{6ABFF6DC-E7B8-453A-93CC-027671781299}"
EndProject
Project("{8BC9CEB8-8B4A-11D0-8D11-00A0C91BC942}") = "PokerUnitTest", "PokerUnitTest\PokerUnitTest.vcxproj", "{24826C45-1599-4DA2-A999-F70C1630EAB4}"
EndProject
Global
	GlobalSection(SolutionConfigurationPlatforms) = preSolution
		Debug|x64 = Debug|x64
		Debug|x86 = Debug|x86
		Release|x64 = Release|x64
		Release|x86 = Release|x86
	EndGlobalSection
	GlobalSection(ProjectConfigurationPlatforms) = postSolution
		{6ABFF6DC-E7B8-453A-93CC-027671781299}.Debug|x64.ActiveCfg = Debug|x64
		{6ABFF6DC-E7B8-453A-93CC-027671781299}.Debug|x64.Build.0 = Debug|x64
		{6ABFF6DC-E7B8-453A-93CC-027671781299}.Debug|x86.ActiveCfg = Debug|Win32
		{6ABFF6DC-E7B8-453A-93CC-027671781299}.Debug|x86.Build.0 = Debug|Win32
		{6ABFF6DC-E7B8-453A-93CC-027671781299}.Release|x64.ActiveCfg = Release|x64
		{6ABFF6DC-E7B8-453A-93CC-027671781299}.Release|x64.Build.0 = Release|x64
		{6ABFF6DC-E7B8-453A-93CC-027671781299}.Release|x86.ActiveCfg = Release|Win32
		{6ABFF6DC-E7B8-453A-93CC-027671781299}.Release|x86.Build.0 = Release|Win32
		{24826C45-1599-4DA2-A999-F70C1630EAB4}.Debug|x64.ActiveCfg = Debug|x64
		{24826C45-1599-4DA2-A999-F70C1630EAB4}.Debug|x64.Build.0 = Debug|x64
		{24826C45-1599-4DA2-A999-F70C1630EAB4}.Debug|x86.ActiveCfg = Debug|Win32
		{24826C45-1599-4DA2-A999-F70C1630EAB4}.Debug|x86.Build.0 = Debug|Win32
		{24826C45-1599-4DA2-A999-F70C1630EAB4}.Release|x64.ActiveCfg = Release|x64
		{24826C45-1599-4DA2-A999-F70C1630EAB4}.Release|x64.Build.0 = Release|x64
		{24826C45-1599-4DA2-A999-F70C1630EAB4}.Release|x86.ActiveCfg = Release|Win32
		{24826C45-1599-4DA2-A999-F70C1630EAB4}.Release|x86.Build.0 = Release|Win32
	EndGlobalSection
	GlobalSection(SolutionProperties) = preSolution
		HideSolutionNode = FALSE
	EndGlobalSection
EndGlobal
